{
  "name": "obptdemo",
  "version": "1.0.0",
  "lockfileVersion": 1,
  "requires": true,
  "dependencies": {
    "obptcss": {
      "version": "1.0.16",
      "resolved": "https://registry.npmjs.org/obptcss/-/obptcss-1.0.16.tgz",
      "integrity": "sha512-gOuPiOXA4v+D+0pMMt5uRcgs+2xpUUAEXrxHEB+D2IuMoCn6a9y1uSQ/hHhtbpogPc2UHb2ILAs/CKvfCn/m5g=="
    }
  }
}
